
Microsoft Visual Studio Solution File, Format Version 12.00
# Visual Studio Version 17
VisualStudioVersion = 17.13.35931.197 d17.13
MinimumVisualStudioVersion = 10.0.40219.1
Project("{FAE04EC0-301F-11D3-BF4B-00C04F79EFBC}") = "LSP_exe", "LSP_exe\LSP_exe.csproj", "{6634BCE7-60BC-4125-BA97-32D0EB284B61}"
EndProject
Global
	GlobalSection(SolutionConfigurationPlatforms) = preSolution
		Debug|Any CPU = Debug|Any CPU
		Release|Any CPU = Release|Any CPU
	EndGlobalSection
	GlobalSection(ProjectConfigurationPlatforms) = postSolution
		{6634BCE7-60BC-4125-BA97-32D0EB284B61}.Debug|Any CPU.ActiveCfg = Debug|Any CPU
		{6634BCE7-60BC-4125-BA97-32D0EB284B61}.Debug|Any CPU.Build.0 = Debug|Any CPU
		{6634BCE7-60BC-4125-BA97-32D0EB284B61}.Release|Any CPU.ActiveCfg = Release|Any CPU
		{6634BCE7-60BC-4125-BA97-32D0EB284B61}.Release|Any CPU.Build.0 = Release|Any CPU
	EndGlobalSection
	GlobalSection(SolutionProperties) = preSolution
		HideSolutionNode = FALSE
	EndGlobalSection
	GlobalSection(ExtensibilityGlobals) = postSolution
		SolutionGuid = {01AAE9C2-ECBD-4530-A03B-9C1198A7CD1B}
	EndGlobalSection
EndGlobal
